github.com/RobotsAndPencils/buford v0.12.0 h1:2nfOk+N/QVoQHwXIS0m5TFdvlUjEnqAj/0yXKR75azY=
github.com/RobotsAndPencils/buford v0.12.0/go.mod h1:27KhJZ/wLQHRnsZF+mTWKvF5w8U4dVl4Nh+BfQem4Lo=
github.com/boltdb/bolt v1.3.1 h1:JQmyP4ZBrce+ZQu0dY660FMfatumYDLun9hBCUVIkF4=
github.com/boltdb/bolt v1.3.1/go.mod h1:clJnj/oiGkjum5o1McbSZDSLxVThjynRyGBgiAx27Ps=
github.com/fullsailor/pkcs7 v0.0.0-20180824154052-36585635cb64 h1:gCCjmcHGY24tPnwyj/AsUBzZFdZljZW1WaBNAmHRdw0=
github.com/fullsailor/pkcs7 v0.0.0-20180824154052-36585635cb64/go.mod h1:KnogPXtdwXqoenmZCw6S+25EAm2MkxbG0deNDu4cbSA=
github.com/garyburd/go-oauth v0.0.0-20180319155456-bca2e7f09a17 h1:GOfMz6cRgTJ9jWV0qAezv642OhPnKEG7gtUjJSdStHE=
github.com/garyburd/go-oauth v0.0.0-20180319155456-bca2e7f09a17/go.mod h1:HfkOCN6fkKKaPSAeNq/er3xObxTW4VLeY6UUK895gLQ=
github.com/go-kit/kit v0.7.0 h1:ApufNmWF1H6/wUbAG81hZOHmqwd0zRf8mNfLjYj/064=
github.com/go-kit/kit v0.7.0/go.mod h1:xBxKIO96dXMWWy0MnWVtmwkA9/13aqxPnvrjFYMA2as=
github.com/go-logfmt/logfmt v0.3.0 h1:8HUsc87TaSWLKwrnumgC8/YconD2fJQsRJAsWaPg2ic=
github.com/go-logfmt/logfmt v0.3.0/go.mod h1:Qt1PoO58o5twSAckw1HlFXLmHsOX5/0LbT9GBnD5lWE=
github.com/go-stack/stack v1.7.0 h1:S04+lLfST9FvL8dl4R31wVUC/paZp/WQZbLmUgWboGw=
github.com/go-stack/stack v1.7.0/go.mod h1:v0f6uXyyMGvRgIKkXu+yp6POWl0qKG85gN/melR3HDY=
github.com/gogo/protobuf v1.0.0 h1:2jyBKDKU/8v3v2xVR2PtiWQviFUyiaGk2rpfyFT8rTM=
github.com/gogo/protobuf v1.0.0/go.mod h1:r8qH/GZQm5c6nD/R0oafs1akxWv10x8SbQlK7atdtwQ=
github.com/golang/protobuf v1.1.0 h1:0iH4Ffd/meGoXqF2lSAhZHt8X+cPgkfn/cb6Cce5Vpc=
github.com/golang/protobuf v1.1.0/go.mod h1:6lQm79b+lXiMfvg/cZm0SGofjICqVBUtrP5yJMmIC1U=
github.com/gorilla/context v1.1.1 h1:AWwleXJkX/nhcU9bZSnZoi3h/qGYqQAGhq6zZe/aQW8=
github.com/gorilla/context v1.1.1/go.mod h1:kBGZzfjB9CEq2AlWe17Uuf7NDRt0dE0s8S51q0aT7Yg=
github.com/gorilla/mux v1.6.2 h1:Pgr17XVTNXAk3q/r4CpKzC5xBM/qW1uVLV+IhRZpIIk=
github.com/gorilla/mux v1.6.2/go.mod h1:1lud6UwP+6orDFRuTfBEV8e9/aOM/c4fVVCaMa2zaAs=
github.com/groob/finalizer v0.0.0-20170707115354-4c2ed49aabda h1:5ikpG9mYCMFiZX0nkxoV6aU2IpCHPdws3gCNgdZeEV0=
github.com/groob/finalizer v0.0.0-20170707115354-4c2ed49aabda/go.mod h1:MyndkAZd5rUMdNogn35MWXBX1UiBigrU8eTj8DoAC2c=
github.com/groob/pkcs7 v0.0.0-20180824154052-36585635cb64/go.mod h1:mEOMQ8C7oeXY3LnE2jy4UkLAqrW9rrpwiP5U4hVV+MY=
github.com/groob/plist v0.0.0-20180203051248-dd56909aee38 h1:afbUddvIjPRC7XHHgeSTRfzZtIxEsSl4VCxumLBGDJU=
github.com/groob/plist v0.0.0-20180203051248-dd56909aee38/go.mod h1:qg2Nek0ND/hIr+nY8H1oVqEW2cLzVVNaAQ0QexOyjyc=
github.com/kr/logfmt v0.0.0-20140226030751-b84e30acd515 h1:T+h1c/A9Gawja4Y9mFVWj2vyii2bbUNDw3kt9VxK2EY=
github.com/kr/logfmt v0.0.0-20140226030751-b84e30acd515/go.mod h1:+0opPa2QZZtGFBFZlji/RkVcI2GknAs/DXo4wKdlNEc=
github.com/kr/pretty v0.1.0 h1:L/CwN0zerZDmRFUapSPitk6f+Q3+0za1rQkzVuMiMFI=
github.com/kr/pretty v0.1.0/go.mod h1:dAy3ld7l9f0ibDNOQOHHMYYIIbhfbHSm3C4ZsoJORNo=
github.com/kr/pty v1.1.1/go.mod h1:pFQYn66WHrOpPYNljwOMqo10TkYh1fy3cYio2l3bCsQ=
github.com/kr/text v0.1.0 h1:45sCR5RtlFHMR4UwH9sdQ5TC8v0qDQCHnXt+kaKSTVE=
github.com/kr/text v0.1.0/go.mod h1:4Jbv+DJW3UT/LiOwJeYQe1efqtUx/iVham/4vfdArNI=
github.com/micromdm/dep v0.0.0-20180512233915-03ff93db459f h1:WOeg7O6A5okKr5YOy6Sg+kCU3TS5TIg+djrRhBc3cd0=
github.com/micromdm/dep v0.0.0-20180512233915-03ff93db459f/go.mod h1:lDmU6NHThG8AWOQIVTnbifE/uHU8iLnGDR8W32I6OCM=
github.com/micromdm/go4 v0.0.0-20171021081444-deded5397014 h1:8Za9WLoGTSU96EAWFziRCiFmQuBAC6xj9/dKiN45LHw=
github.com/micromdm/go4 v0.0.0-20171021081444-deded5397014/go.mod h1:8EzTEgA3q2ZdZotWXs1bWnFCXuaFHU0+jDNZbHlwduM=
github.com/micromdm/scep v1.0.1-0.20180906231441-a136542b4bc9 h1:LGgQOrgBGOoye+MmS1YT1XpdlOEEkqc/1c0XBPBELnw=
github.com/micromdm/scep v1.0.1-0.20180906231441-a136542b4bc9/go.mod h1:CID2SixSr5FvoauZdAFUSpQkn5MAuSy9oyURMGOJbag=
github.com/pkg/errors v0.8.0 h1:WdK/asTD0HN+q6hsWO3/vpuAkAr+tw6aNJNDFFf0+qw=
github.com/pkg/errors v0.8.0/go.mod h1:bwawxfHBFNV+L2hUp1rHADufV3IMtnDRdf1r5NINEl0=
github.com/satori/go.uuid v1.2.0 h1:0uYX9dsZ2yD7q2RtLRtPSdGDWzjeM3TbMJP9utgA0ww=
github.com/satori/go.uuid v1.2.0/go.mod h1:dA0hQrYB0VpLJoorglMZABFdXlWrHn1NEOzdhQKdks0=
golang.org/x/crypto v0.0.0-20180614174826-fd5f17ee7299 h1:zxP+xTjjk4kD+M5IFPweL7/4851FUhYkzbDqbzkN1JE=
golang.org/x/crypto v0.0.0-20180614174826-fd5f17ee7299/go.mod h1:6SG95UA2DQfeDnfUPMdvaQW0Q7yPrPDi9nlGo2tz2b4=
golang.org/x/net v0.0.0-20180611182652-db08ff08e862 h1:JZi6BqOZ+iSgmLWe6llhGrNnEnK+YB/MRkStwnEfbqM=
golang.org/x/net v0.0.0-20180611182652-db08ff08e862/go.mod h1:mL1N/T3taQHkDXs73rZJwtUhF3w3ftmwwsq0BUmARs4=
golang.org/x/sync v0.0.0-20180314180146-1d60e4601c6f h1:wMNYb4v58l5UBM7MYRLPG6ZhfOqbKu7X5eyFl8ZhKvA=
golang.org/x/sync v0.0.0-20180314180146-1d60e4601c6f/go.mod h1:RxMgew5VJxzue5/jJTE5uejpjVlOe/izrB70Jof72aM=
golang.org/x/sys v0.0.0-20180614134839-8883426083c0 h1:5mOaSPjCt3RW5w1KpSFOVg8VdqQQ/FjfM5/m50f/8wM=
golang.org/x/sys v0.0.0-20180614134839-8883426083c0/go.mod h1:STP8DvDyc/dI5b8T5hshtkjS+E42TnysNCUPdjciGhY=
golang.org/x/text v0.3.0 h1:g61tztE5qeGQ89tm6NTjjM9VPIm088od1l6aSorWRWg=
golang.org/x/text v0.3.0/go.mod h1:NqM8EUOU14njkJ3fqMW+pc6Ldnwhi/IjpwHt7yyuwOQ=
gopkg.in/check.v1 v1.0.0-20180628173108-788fd7840127 h1:qIbj1fsPNlZgppZ+VLlY7N33q108Sa+fhmuc+sWQYwY=
gopkg.in/check.v1 v1.0.0-20180628173108-788fd7840127/go.mod h1:Co6ibVJAznAaIkqp8huTwlJQCZ016jof/cbN4VW5Yz0=
