# This file is autogenerated, do not edit; changes may be undone by the next 'dep ensure'.


[[projects]]
  name = "github.com/RobotsAndPencils/buford"
  packages = ["payload","payload/badge","push"]
  revision = "1589c179b764ddceb204a439d9bf366f04c55f9b"
  version = "v0.12.0"

[[projects]]
  name = "github.com/boltdb/bolt"
  packages = ["."]
  revision = "2f1ce7a837dcb8da3ec595b1dac9d0632f0f99e8"
  version = "v1.3.1"

[[projects]]
  branch = "master"
  name = "github.com/fullsailor/pkcs7"
  packages = ["."]
  revision = "a009d8d7de53d9503c797cb8ec66fa3b21eed209"

[[projects]]
  branch = "master"
  name = "github.com/garyburd/go-oauth"
  packages = ["oauth"]
  revision = "4cff9ef7b7003713efa191899dbaab8fa75e3e73"

[[projects]]
  name = "github.com/go-kit/kit"
  packages = ["endpoint","log","log/level","metrics","transport/http"]
  revision = "4dc7be5d2d12881735283bcab7352178e190fc71"
  version = "v0.6.0"

[[projects]]
  name = "github.com/go-logfmt/logfmt"
  packages = ["."]
  revision = "390ab7935ee28ec6b286364bba9b4dd6410cb3d5"
  version = "v0.3.0"

[[projects]]
  name = "github.com/go-stack/stack"
  packages = ["."]
  revision = "817915b46b97fd7bb80e8ab6b69f01a53ac3eebf"
  version = "v1.6.0"

[[projects]]
  name = "github.com/gogo/protobuf"
  packages = ["proto"]
  revision = "342cbe0a04158f6dcb03ca0079991a51a4248c02"
  version = "v0.5"

[[projects]]
  branch = "master"
  name = "github.com/golang/protobuf"
  packages = ["proto"]
  revision = "130e6b02ab059e7b717a096f397c5b60111cae74"

[[projects]]
  name = "github.com/gorilla/context"
  packages = ["."]
  revision = "1ea25387ff6f684839d82767c1733ff4d4d15d0a"
  version = "v1.1"

[[projects]]
  name = "github.com/gorilla/mux"
  packages = ["."]
  revision = "24fca303ac6da784b9e8269f724ddeb0b2eea5e7"
  version = "v1.5.0"

[[projects]]
  branch = "master"
  name = "github.com/groob/finalizer"
  packages = [".","logutil"]
  revision = "4c2ed49aabdaa038f247d72d183e410757cdbe9c"

[[projects]]
  branch = "master"
  name = "github.com/groob/plist"
  packages = ["."]
  revision = "7b367e0aa692e62a223e823f3288c0c00f519a36"

[[projects]]
  branch = "master"
  name = "github.com/kr/logfmt"
  packages = ["."]
  revision = "b84e30acd515aadc4b783ad4ff83aff3299bdfe0"

[[projects]]
  branch = "master"
  name = "github.com/micromdm/dep"
  packages = ["."]
  revision = "3e565f89e59266df10c92da54118bf13ec312905"

[[projects]]
  branch = "master"
  name = "github.com/micromdm/go4"
  packages = ["env","httputil","version"]
  revision = "486ea5f130c78a9c058374eb159df08296caea9d"

[[projects]]
  branch = "master"
  name = "github.com/micromdm/mdm"
  packages = ["."]
  revision = "97c19c7edf3498cf43b378042317d9d9caa84dc6"

[[projects]]
  name = "github.com/micromdm/scep"
  packages = ["depot","depot/bolt","scep","scep/internal/pkcs7","server"]
  revision = "a202afd5e358b857c95d048fc47432759db0d9bd"
  version = "v1.0.0"

[[projects]]
  name = "github.com/pkg/errors"
  packages = ["."]
  revision = "645ef00459ed84a119197bfb8d8205042c6df63d"
  version = "v0.8.0"

[[projects]]
  name = "github.com/satori/go.uuid"
  packages = ["."]
  revision = "879c5887cd475cd7864858769793b2ceb0d44feb"
  version = "v1.1.0"

[[projects]]
  branch = "master"
  name = "golang.org/x/crypto"
  packages = ["acme","acme/autocert","pkcs12","pkcs12/internal/rc2"]
  revision = "9419663f5a44be8b34ca85f08abc5fe1be11f8a3"

[[projects]]
  branch = "master"
  name = "golang.org/x/net"
  packages = ["context","http2","http2/hpack","idna","lex/httplex"]
  revision = "a04bdaca5b32abe1c069418fb7088ae607de5bd0"

[[projects]]
  branch = "master"
  name = "golang.org/x/sys"
  packages = ["unix"]
  revision = "686000749eaec0b8855b8eef5336cf63899fe51d"

[[projects]]
  branch = "master"
  name = "golang.org/x/text"
  packages = ["collate","collate/build","internal/colltab","internal/gen","internal/tag","internal/triegen","internal/ucd","language","secure/bidirule","transform","unicode/bidi","unicode/cldr","unicode/norm","unicode/rangetable"]
  revision = "c01e4764d870b77f8abe5096ee19ad20d80e8075"

[[projects]]
  branch = "master"
  name = "golang.org/x/tools"
  packages = ["go/ast/astutil","imports"]
  revision = "9bd2f442688b66c5289262d70f537c2ecf81d7de"

[solve-meta]
  analyzer-name = "dep"
  analyzer-version = 1
  inputs-digest = "f89bacfbc1e58f3f80d26c9b1a502920b10bf0d01b13718078e7bd967769982f"
  solver-name = "gps-cdcl"
  solver-version = 1
